
Microsoft Visual Studio Solution File, Format Version 12.00
# Visual Studio Version 17
VisualStudioVersion = 17.12.35506.116
MinimumVisualStudioVersion = 10.0.40219.1
Project("{2150E333-8FDC-42A3-9474-1A3956D46DE8}") = "src", "src", "{827E0CD3-B72D-47B6-A68D-7590B98EB39B}"
EndProject
Project("{2150E333-8FDC-42A3-9474-1A3956D46DE8}") = "ApiGateway", "ApiGateway", "{FCA01246-F2C6-0AA7-D43F-FD13BE0B9D88}"
EndProject
Project("{FAE04EC0-301F-11D3-BF4B-00C04F79EFBC}") = "ApiGateway", "src\ApiGateway\ApiGateway\ApiGateway.csproj", "{5D73F4F3-B313-4E0B-AF84-8DD8FA89D536}"
EndProject
Project("{2150E333-8FDC-42A3-9474-1A3956D46DE8}") = "BuildingBlocks", "BuildingBlocks", "{90298CBA-BD6F-3A0A-69D5-97CAD7B05E7E}"
EndProject
Project("{FAE04EC0-301F-11D3-BF4B-00C04F79EFBC}") = "Common", "src\BuildingBlocks\Common\Common.csproj", "{BCB6317F-8EA0-4080-ADED-3D8F08713DA5}"
EndProject
Project("{FAE04EC0-301F-11D3-BF4B-00C04F79EFBC}") = "Messaging", "src\BuildingBlocks\Messaging\Messaging.csproj", "{689FDC17-C0AA-46F7-AAFA-328E5971B83D}"
EndProject
Project("{2150E333-8FDC-42A3-9474-1A3956D46DE8}") = "Services", "Services", "{984BB9B3-3FA3-BE33-9484-CAC21695A33C}"
EndProject
Project("{2150E333-8FDC-42A3-9474-1A3956D46DE8}") = "InventoryService", "InventoryService", "{2F82A921-F5AC-497D-C46A-64A82B34AE26}"
EndProject
Project("{FAE04EC0-301F-11D3-BF4B-00C04F79EFBC}") = "Inventory.Application", "src\Services\InventoryService\Inventory.Application\Inventory.Application.csproj", "{6E2B81BE-1282-41FB-A339-1F87696399B9}"
EndProject
Project("{FAE04EC0-301F-11D3-BF4B-00C04F79EFBC}") = "Inventory.Domain", "src\Services\InventoryService\Inventory.Domain\Inventory.Domain.csproj", "{5952901E-6F44-4E31-AB9B-F1E2054E2664}"
EndProject
Project("{FAE04EC0-301F-11D3-BF4B-00C04F79EFBC}") = "Inventory.Infrastructure", "src\Services\InventoryService\Inventory.Infrastructure\Inventory.Infrastructure.csproj", "{069528AE-62FA-4CF5-A86E-ACBD6989FA9E}"
EndProject
Project("{2150E333-8FDC-42A3-9474-1A3956D46DE8}") = "NotificationService", "NotificationService", "{47931FAB-DBE1-FD8F-0AFF-2CD4B99C52C4}"
EndProject
Project("{FAE04EC0-301F-11D3-BF4B-00C04F79EFBC}") = "Notification.Application", "src\Services\NotificationService\Notification.Application\Notification.Application.csproj", "{1202D962-A88A-4F60-B114-CB5AA9628DF4}"
EndProject
Project("{FAE04EC0-301F-11D3-BF4B-00C04F79EFBC}") = "Notification.Domain", "src\Services\NotificationService\Notification.Domain\Notification.Domain.csproj", "{003C9E4E-F921-48C7-8D01-7AFF0B19AA00}"
EndProject
Project("{FAE04EC0-301F-11D3-BF4B-00C04F79EFBC}") = "Notification.Infrastructure", "src\Services\NotificationService\Notification.Infrastructure\Notification.Infrastructure.csproj", "{AAA83DB6-FF6F-4857-9C0F-F74F02CE1896}"
EndProject
Project("{2150E333-8FDC-42A3-9474-1A3956D46DE8}") = "OrderService", "OrderService", "{F5625D22-DF6D-6E20-0384-6B2F7CAD8697}"
EndProject
Project("{FAE04EC0-301F-11D3-BF4B-00C04F79EFBC}") = "Order.Application", "src\Services\OrderService\Order.Application\Order.Application.csproj", "{4E5D511C-7312-4AB8-9095-B28AB2827400}"
EndProject
Project("{FAE04EC0-301F-11D3-BF4B-00C04F79EFBC}") = "Order.Domain", "src\Services\OrderService\Order.Domain\Order.Domain.csproj", "{52510840-FD71-47B9-956D-FFBBD2959913}"
EndProject
Project("{FAE04EC0-301F-11D3-BF4B-00C04F79EFBC}") = "Order.Infrastructure", "src\Services\OrderService\Order.Infrastructure\Order.Infrastructure.csproj", "{37C9A475-8777-444A-85A1-7BBB134B841D}"
EndProject
Project("{2150E333-8FDC-42A3-9474-1A3956D46DE8}") = "ProductService", "ProductService", "{C956A69C-8222-8E0F-7E05-45145B4D88F9}"
EndProject
Project("{FAE04EC0-301F-11D3-BF4B-00C04F79EFBC}") = "Product.Application", "src\Services\ProductService\Product.Application\Product.Application.csproj", "{E0B6DCC2-27A4-45D7-970D-F75C94CE3999}"
EndProject
Project("{FAE04EC0-301F-11D3-BF4B-00C04F79EFBC}") = "Product.Domain", "src\Services\ProductService\Product.Domain\Product.Domain.csproj", "{C4DFBB49-8FDF-4DDF-A431-77F7F36FBD66}"
EndProject
Project("{FAE04EC0-301F-11D3-BF4B-00C04F79EFBC}") = "Product.Infrastructure", "src\Services\ProductService\Product.Infrastructure\Product.Infrastructure.csproj", "{D638815E-6A2E-4C9D-8886-19BC1EB803AB}"
EndProject
Project("{FAE04EC0-301F-11D3-BF4B-00C04F79EFBC}") = "Product.API", "src\Services\ProductService\Product.API\Product.API.csproj", "{53AF18FC-3A20-4FCB-AFA2-7043DE0F6989}"
EndProject
Project("{FAE04EC0-301F-11D3-BF4B-00C04F79EFBC}") = "Order.API", "src\Services\OrderService\Order.API\Order.API.csproj", "{6876C5F6-744F-4073-8FB7-5D88EC507091}"
EndProject
Project("{FAE04EC0-301F-11D3-BF4B-00C04F79EFBC}") = "Inventory.API", "src\Services\InventoryService\Inventory.API\Inventory.API.csproj", "{87AE572A-2997-4FD8-8CFF-DDD607A102BF}"
EndProject
Project("{FAE04EC0-301F-11D3-BF4B-00C04F79EFBC}") = "Notification.API", "src\Services\NotificationService\Notification.API\Notification.API.csproj", "{F12197D5-6600-485B-A1C7-2EB895AA12D2}"
EndProject
Global
	GlobalSection(SolutionConfigurationPlatforms) = preSolution
		Debug|Any CPU = Debug|Any CPU
		Debug|x64 = Debug|x64
		Debug|x86 = Debug|x86
		Release|Any CPU = Release|Any CPU
		Release|x64 = Release|x64
		Release|x86 = Release|x86
	EndGlobalSection
	GlobalSection(ProjectConfigurationPlatforms) = postSolution
		{5D73F4F3-B313-4E0B-AF84-8DD8FA89D536}.Debug|Any CPU.ActiveCfg = Debug|Any CPU
		{5D73F4F3-B313-4E0B-AF84-8DD8FA89D536}.Debug|Any CPU.Build.0 = Debug|Any CPU
		{5D73F4F3-B313-4E0B-AF84-8DD8FA89D536}.Debug|x64.ActiveCfg = Debug|Any CPU
		{5D73F4F3-B313-4E0B-AF84-8DD8FA89D536}.Debug|x64.Build.0 = Debug|Any CPU
		{5D73F4F3-B313-4E0B-AF84-8DD8FA89D536}.Debug|x86.ActiveCfg = Debug|Any CPU
		{5D73F4F3-B313-4E0B-AF84-8DD8FA89D536}.Debug|x86.Build.0 = Debug|Any CPU
		{5D73F4F3-B313-4E0B-AF84-8DD8FA89D536}.Release|Any CPU.ActiveCfg = Release|Any CPU
		{5D73F4F3-B313-4E0B-AF84-8DD8FA89D536}.Release|Any CPU.Build.0 = Release|Any CPU
		{5D73F4F3-B313-4E0B-AF84-8DD8FA89D536}.Release|x64.ActiveCfg = Release|Any CPU
		{5D73F4F3-B313-4E0B-AF84-8DD8FA89D536}.Release|x64.Build.0 = Release|Any CPU
		{5D73F4F3-B313-4E0B-AF84-8DD8FA89D536}.Release|x86.ActiveCfg = Release|Any CPU
		{5D73F4F3-B313-4E0B-AF84-8DD8FA89D536}.Release|x86.Build.0 = Release|Any CPU
		{BCB6317F-8EA0-4080-ADED-3D8F08713DA5}.Debug|Any CPU.ActiveCfg = Debug|Any CPU
		{BCB6317F-8EA0-4080-ADED-3D8F08713DA5}.Debug|Any CPU.Build.0 = Debug|Any CPU
		{BCB6317F-8EA0-4080-ADED-3D8F08713DA5}.Debug|x64.ActiveCfg = Debug|Any CPU
		{BCB6317F-8EA0-4080-ADED-3D8F08713DA5}.Debug|x64.Build.0 = Debug|Any CPU
		{BCB6317F-8EA0-4080-ADED-3D8F08713DA5}.Debug|x86.ActiveCfg = Debug|Any CPU
		{BCB6317F-8EA0-4080-ADED-3D8F08713DA5}.Debug|x86.Build.0 = Debug|Any CPU
		{BCB6317F-8EA0-4080-ADED-3D8F08713DA5}.Release|Any CPU.ActiveCfg = Release|Any CPU
		{BCB6317F-8EA0-4080-ADED-3D8F08713DA5}.Release|Any CPU.Build.0 = Release|Any CPU
		{BCB6317F-8EA0-4080-ADED-3D8F08713DA5}.Release|x64.ActiveCfg = Release|Any CPU
		{BCB6317F-8EA0-4080-ADED-3D8F08713DA5}.Release|x64.Build.0 = Release|Any CPU
		{BCB6317F-8EA0-4080-ADED-3D8F08713DA5}.Release|x86.ActiveCfg = Release|Any CPU
		{BCB6317F-8EA0-4080-ADED-3D8F08713DA5}.Release|x86.Build.0 = Release|Any CPU
		{689FDC17-C0AA-46F7-AAFA-328E5971B83D}.Debug|Any CPU.ActiveCfg = Debug|Any CPU
		{689FDC17-C0AA-46F7-AAFA-328E5971B83D}.Debug|Any CPU.Build.0 = Debug|Any CPU
		{689FDC17-C0AA-46F7-AAFA-328E5971B83D}.Debug|x64.ActiveCfg = Debug|Any CPU
		{689FDC17-C0AA-46F7-AAFA-328E5971B83D}.Debug|x64.Build.0 = Debug|Any CPU
		{689FDC17-C0AA-46F7-AAFA-328E5971B83D}.Debug|x86.ActiveCfg = Debug|Any CPU
		{689FDC17-C0AA-46F7-AAFA-328E5971B83D}.Debug|x86.Build.0 = Debug|Any CPU
		{689FDC17-C0AA-46F7-AAFA-328E5971B83D}.Release|Any CPU.ActiveCfg = Release|Any CPU
		{689FDC17-C0AA-46F7-AAFA-328E5971B83D}.Release|Any CPU.Build.0 = Release|Any CPU
		{689FDC17-C0AA-46F7-AAFA-328E5971B83D}.Release|x64.ActiveCfg = Release|Any CPU
		{689FDC17-C0AA-46F7-AAFA-328E5971B83D}.Release|x64.Build.0 = Release|Any CPU
		{689FDC17-C0AA-46F7-AAFA-328E5971B83D}.Release|x86.ActiveCfg = Release|Any CPU
		{689FDC17-C0AA-46F7-AAFA-328E5971B83D}.Release|x86.Build.0 = Release|Any CPU
		{6E2B81BE-1282-41FB-A339-1F87696399B9}.Debug|Any CPU.ActiveCfg = Debug|Any CPU
		{6E2B81BE-1282-41FB-A339-1F87696399B9}.Debug|Any CPU.Build.0 = Debug|Any CPU
		{6E2B81BE-1282-41FB-A339-1F87696399B9}.Debug|x64.ActiveCfg = Debug|Any CPU
		{6E2B81BE-1282-41FB-A339-1F87696399B9}.Debug|x64.Build.0 = Debug|Any CPU
		{6E2B81BE-1282-41FB-A339-1F87696399B9}.Debug|x86.ActiveCfg = Debug|Any CPU
		{6E2B81BE-1282-41FB-A339-1F87696399B9}.Debug|x86.Build.0 = Debug|Any CPU
		{6E2B81BE-1282-41FB-A339-1F87696399B9}.Release|Any CPU.ActiveCfg = Release|Any CPU
		{6E2B81BE-1282-41FB-A339-1F87696399B9}.Release|Any CPU.Build.0 = Release|Any CPU
		{6E2B81BE-1282-41FB-A339-1F87696399B9}.Release|x64.ActiveCfg = Release|Any CPU
		{6E2B81BE-1282-41FB-A339-1F87696399B9}.Release|x64.Build.0 = Release|Any CPU
		{6E2B81BE-1282-41FB-A339-1F87696399B9}.Release|x86.ActiveCfg = Release|Any CPU
		{6E2B81BE-1282-41FB-A339-1F87696399B9}.Release|x86.Build.0 = Release|Any CPU
		{5952901E-6F44-4E31-AB9B-F1E2054E2664}.Debug|Any CPU.ActiveCfg = Debug|Any CPU
		{5952901E-6F44-4E31-AB9B-F1E2054E2664}.Debug|Any CPU.Build.0 = Debug|Any CPU
		{5952901E-6F44-4E31-AB9B-F1E2054E2664}.Debug|x64.ActiveCfg = Debug|Any CPU
		{5952901E-6F44-4E31-AB9B-F1E2054E2664}.Debug|x64.Build.0 = Debug|Any CPU
		{5952901E-6F44-4E31-AB9B-F1E2054E2664}.Debug|x86.ActiveCfg = Debug|Any CPU
		{5952901E-6F44-4E31-AB9B-F1E2054E2664}.Debug|x86.Build.0 = Debug|Any CPU
		{5952901E-6F44-4E31-AB9B-F1E2054E2664}.Release|Any CPU.ActiveCfg = Release|Any CPU
		{5952901E-6F44-4E31-AB9B-F1E2054E2664}.Release|Any CPU.Build.0 = Release|Any CPU
		{5952901E-6F44-4E31-AB9B-F1E2054E2664}.Release|x64.ActiveCfg = Release|Any CPU
		{5952901E-6F44-4E31-AB9B-F1E2054E2664}.Release|x64.Build.0 = Release|Any CPU
		{5952901E-6F44-4E31-AB9B-F1E2054E2664}.Release|x86.ActiveCfg = Release|Any CPU
		{5952901E-6F44-4E31-AB9B-F1E2054E2664}.Release|x86.Build.0 = Release|Any CPU
		{069528AE-62FA-4CF5-A86E-ACBD6989FA9E}.Debug|Any CPU.ActiveCfg = Debug|Any CPU
		{069528AE-62FA-4CF5-A86E-ACBD6989FA9E}.Debug|Any CPU.Build.0 = Debug|Any CPU
		{069528AE-62FA-4CF5-A86E-ACBD6989FA9E}.Debug|x64.ActiveCfg = Debug|Any CPU
		{069528AE-62FA-4CF5-A86E-ACBD6989FA9E}.Debug|x64.Build.0 = Debug|Any CPU
		{069528AE-62FA-4CF5-A86E-ACBD6989FA9E}.Debug|x86.ActiveCfg = Debug|Any CPU
		{069528AE-62FA-4CF5-A86E-ACBD6989FA9E}.Debug|x86.Build.0 = Debug|Any CPU
		{069528AE-62FA-4CF5-A86E-ACBD6989FA9E}.Release|Any CPU.ActiveCfg = Release|Any CPU
		{069528AE-62FA-4CF5-A86E-ACBD6989FA9E}.Release|Any CPU.Build.0 = Release|Any CPU
		{069528AE-62FA-4CF5-A86E-ACBD6989FA9E}.Release|x64.ActiveCfg = Release|Any CPU
		{069528AE-62FA-4CF5-A86E-ACBD6989FA9E}.Release|x64.Build.0 = Release|Any CPU
		{069528AE-62FA-4CF5-A86E-ACBD6989FA9E}.Release|x86.ActiveCfg = Release|Any CPU
		{069528AE-62FA-4CF5-A86E-ACBD6989FA9E}.Release|x86.Build.0 = Release|Any CPU
		{1202D962-A88A-4F60-B114-CB5AA9628DF4}.Debug|Any CPU.ActiveCfg = Debug|Any CPU
		{1202D962-A88A-4F60-B114-CB5AA9628DF4}.Debug|Any CPU.Build.0 = Debug|Any CPU
		{1202D962-A88A-4F60-B114-CB5AA9628DF4}.Debug|x64.ActiveCfg = Debug|Any CPU
		{1202D962-A88A-4F60-B114-CB5AA9628DF4}.Debug|x64.Build.0 = Debug|Any CPU
		{1202D962-A88A-4F60-B114-CB5AA9628DF4}.Debug|x86.ActiveCfg = Debug|Any CPU
		{1202D962-A88A-4F60-B114-CB5AA9628DF4}.Debug|x86.Build.0 = Debug|Any CPU
		{1202D962-A88A-4F60-B114-CB5AA9628DF4}.Release|Any CPU.ActiveCfg = Release|Any CPU
		{1202D962-A88A-4F60-B114-CB5AA9628DF4}.Release|Any CPU.Build.0 = Release|Any CPU
		{1202D962-A88A-4F60-B114-CB5AA9628DF4}.Release|x64.ActiveCfg = Release|Any CPU
		{1202D962-A88A-4F60-B114-CB5AA9628DF4}.Release|x64.Build.0 = Release|Any CPU
		{1202D962-A88A-4F60-B114-CB5AA9628DF4}.Release|x86.ActiveCfg = Release|Any CPU
		{1202D962-A88A-4F60-B114-CB5AA9628DF4}.Release|x86.Build.0 = Release|Any CPU
		{003C9E4E-F921-48C7-8D01-7AFF0B19AA00}.Debug|Any CPU.ActiveCfg = Debug|Any CPU
		{003C9E4E-F921-48C7-8D01-7AFF0B19AA00}.Debug|Any CPU.Build.0 = Debug|Any CPU
		{003C9E4E-F921-48C7-8D01-7AFF0B19AA00}.Debug|x64.ActiveCfg = Debug|Any CPU
		{003C9E4E-F921-48C7-8D01-7AFF0B19AA00}.Debug|x64.Build.0 = Debug|Any CPU
		{003C9E4E-F921-48C7-8D01-7AFF0B19AA00}.Debug|x86.ActiveCfg = Debug|Any CPU
		{003C9E4E-F921-48C7-8D01-7AFF0B19AA00}.Debug|x86.Build.0 = Debug|Any CPU
		{003C9E4E-F921-48C7-8D01-7AFF0B19AA00}.Release|Any CPU.ActiveCfg = Release|Any CPU
		{003C9E4E-F921-48C7-8D01-7AFF0B19AA00}.Release|Any CPU.Build.0 = Release|Any CPU
		{003C9E4E-F921-48C7-8D01-7AFF0B19AA00}.Release|x64.ActiveCfg = Release|Any CPU
		{003C9E4E-F921-48C7-8D01-7AFF0B19AA00}.Release|x64.Build.0 = Release|Any CPU
		{003C9E4E-F921-48C7-8D01-7AFF0B19AA00}.Release|x86.ActiveCfg = Release|Any CPU
		{003C9E4E-F921-48C7-8D01-7AFF0B19AA00}.Release|x86.Build.0 = Release|Any CPU
		{AAA83DB6-FF6F-4857-9C0F-F74F02CE1896}.Debug|Any CPU.ActiveCfg = Debug|Any CPU
		{AAA83DB6-FF6F-4857-9C0F-F74F02CE1896}.Debug|Any CPU.Build.0 = Debug|Any CPU
		{AAA83DB6-FF6F-4857-9C0F-F74F02CE1896}.Debug|x64.ActiveCfg = Debug|Any CPU
		{AAA83DB6-FF6F-4857-9C0F-F74F02CE1896}.Debug|x64.Build.0 = Debug|Any CPU
		{AAA83DB6-FF6F-4857-9C0F-F74F02CE1896}.Debug|x86.ActiveCfg = Debug|Any CPU
		{AAA83DB6-FF6F-4857-9C0F-F74F02CE1896}.Debug|x86.Build.0 = Debug|Any CPU
		{AAA83DB6-FF6F-4857-9C0F-F74F02CE1896}.Release|Any CPU.ActiveCfg = Release|Any CPU
		{AAA83DB6-FF6F-4857-9C0F-F74F02CE1896}.Release|Any CPU.Build.0 = Release|Any CPU
		{AAA83DB6-FF6F-4857-9C0F-F74F02CE1896}.Release|x64.ActiveCfg = Release|Any CPU
		{AAA83DB6-FF6F-4857-9C0F-F74F02CE1896}.Release|x64.Build.0 = Release|Any CPU
		{AAA83DB6-FF6F-4857-9C0F-F74F02CE1896}.Release|x86.ActiveCfg = Release|Any CPU
		{AAA83DB6-FF6F-4857-9C0F-F74F02CE1896}.Release|x86.Build.0 = Release|Any CPU
		{4E5D511C-7312-4AB8-9095-B28AB2827400}.Debug|Any CPU.ActiveCfg = Debug|Any CPU
		{4E5D511C-7312-4AB8-9095-B28AB2827400}.Debug|Any CPU.Build.0 = Debug|Any CPU
		{4E5D511C-7312-4AB8-9095-B28AB2827400}.Debug|x64.ActiveCfg = Debug|Any CPU
		{4E5D511C-7312-4AB8-9095-B28AB2827400}.Debug|x64.Build.0 = Debug|Any CPU
		{4E5D511C-7312-4AB8-9095-B28AB2827400}.Debug|x86.ActiveCfg = Debug|Any CPU
		{4E5D511C-7312-4AB8-9095-B28AB2827400}.Debug|x86.Build.0 = Debug|Any CPU
		{4E5D511C-7312-4AB8-9095-B28AB2827400}.Release|Any CPU.ActiveCfg = Release|Any CPU
		{4E5D511C-7312-4AB8-9095-B28AB2827400}.Release|Any CPU.Build.0 = Release|Any CPU
		{4E5D511C-7312-4AB8-9095-B28AB2827400}.Release|x64.ActiveCfg = Release|Any CPU
		{4E5D511C-7312-4AB8-9095-B28AB2827400}.Release|x64.Build.0 = Release|Any CPU
		{4E5D511C-7312-4AB8-9095-B28AB2827400}.Release|x86.ActiveCfg = Release|Any CPU
		{4E5D511C-7312-4AB8-9095-B28AB2827400}.Release|x86.Build.0 = Release|Any CPU
		{52510840-FD71-47B9-956D-FFBBD2959913}.Debug|Any CPU.ActiveCfg = Debug|Any CPU
		{52510840-FD71-47B9-956D-FFBBD2959913}.Debug|Any CPU.Build.0 = Debug|Any CPU
		{52510840-FD71-47B9-956D-FFBBD2959913}.Debug|x64.ActiveCfg = Debug|Any CPU
		{52510840-FD71-47B9-956D-FFBBD2959913}.Debug|x64.Build.0 = Debug|Any CPU
		{52510840-FD71-47B9-956D-FFBBD2959913}.Debug|x86.ActiveCfg = Debug|Any CPU
		{52510840-FD71-47B9-956D-FFBBD2959913}.Debug|x86.Build.0 = Debug|Any CPU
		{52510840-FD71-47B9-956D-FFBBD2959913}.Release|Any CPU.ActiveCfg = Release|Any CPU
		{52510840-FD71-47B9-956D-FFBBD2959913}.Release|Any CPU.Build.0 = Release|Any CPU
		{52510840-FD71-47B9-956D-FFBBD2959913}.Release|x64.ActiveCfg = Release|Any CPU
		{52510840-FD71-47B9-956D-FFBBD2959913}.Release|x64.Build.0 = Release|Any CPU
		{52510840-FD71-47B9-956D-FFBBD2959913}.Release|x86.ActiveCfg = Release|Any CPU
		{52510840-FD71-47B9-956D-FFBBD2959913}.Release|x86.Build.0 = Release|Any CPU
		{37C9A475-8777-444A-85A1-7BBB134B841D}.Debug|Any CPU.ActiveCfg = Debug|Any CPU
		{37C9A475-8777-444A-85A1-7BBB134B841D}.Debug|Any CPU.Build.0 = Debug|Any CPU
		{37C9A475-8777-444A-85A1-7BBB134B841D}.Debug|x64.ActiveCfg = Debug|Any CPU
		{37C9A475-8777-444A-85A1-7BBB134B841D}.Debug|x64.Build.0 = Debug|Any CPU
		{37C9A475-8777-444A-85A1-7BBB134B841D}.Debug|x86.ActiveCfg = Debug|Any CPU
		{37C9A475-8777-444A-85A1-7BBB134B841D}.Debug|x86.Build.0 = Debug|Any CPU
		{37C9A475-8777-444A-85A1-7BBB134B841D}.Release|Any CPU.ActiveCfg = Release|Any CPU
		{37C9A475-8777-444A-85A1-7BBB134B841D}.Release|Any CPU.Build.0 = Release|Any CPU
		{37C9A475-8777-444A-85A1-7BBB134B841D}.Release|x64.ActiveCfg = Release|Any CPU
		{37C9A475-8777-444A-85A1-7BBB134B841D}.Release|x64.Build.0 = Release|Any CPU
		{37C9A475-8777-444A-85A1-7BBB134B841D}.Release|x86.ActiveCfg = Release|Any CPU
		{37C9A475-8777-444A-85A1-7BBB134B841D}.Release|x86.Build.0 = Release|Any CPU
		{E0B6DCC2-27A4-45D7-970D-F75C94CE3999}.Debug|Any CPU.ActiveCfg = Debug|Any CPU
		{E0B6DCC2-27A4-45D7-970D-F75C94CE3999}.Debug|Any CPU.Build.0 = Debug|Any CPU
		{E0B6DCC2-27A4-45D7-970D-F75C94CE3999}.Debug|x64.ActiveCfg = Debug|Any CPU
		{E0B6DCC2-27A4-45D7-970D-F75C94CE3999}.Debug|x64.Build.0 = Debug|Any CPU
		{E0B6DCC2-27A4-45D7-970D-F75C94CE3999}.Debug|x86.ActiveCfg = Debug|Any CPU
		{E0B6DCC2-27A4-45D7-970D-F75C94CE3999}.Debug|x86.Build.0 = Debug|Any CPU
		{E0B6DCC2-27A4-45D7-970D-F75C94CE3999}.Release|Any CPU.ActiveCfg = Release|Any CPU
		{E0B6DCC2-27A4-45D7-970D-F75C94CE3999}.Release|Any CPU.Build.0 = Release|Any CPU
		{E0B6DCC2-27A4-45D7-970D-F75C94CE3999}.Release|x64.ActiveCfg = Release|Any CPU
		{E0B6DCC2-27A4-45D7-970D-F75C94CE3999}.Release|x64.Build.0 = Release|Any CPU
		{E0B6DCC2-27A4-45D7-970D-F75C94CE3999}.Release|x86.ActiveCfg = Release|Any CPU
		{E0B6DCC2-27A4-45D7-970D-F75C94CE3999}.Release|x86.Build.0 = Release|Any CPU
		{C4DFBB49-8FDF-4DDF-A431-77F7F36FBD66}.Debug|Any CPU.ActiveCfg = Debug|Any CPU
		{C4DFBB49-8FDF-4DDF-A431-77F7F36FBD66}.Debug|Any CPU.Build.0 = Debug|Any CPU
		{C4DFBB49-8FDF-4DDF-A431-77F7F36FBD66}.Debug|x64.ActiveCfg = Debug|Any CPU
		{C4DFBB49-8FDF-4DDF-A431-77F7F36FBD66}.Debug|x64.Build.0 = Debug|Any CPU
		{C4DFBB49-8FDF-4DDF-A431-77F7F36FBD66}.Debug|x86.ActiveCfg = Debug|Any CPU
		{C4DFBB49-8FDF-4DDF-A431-77F7F36FBD66}.Debug|x86.Build.0 = Debug|Any CPU
		{C4DFBB49-8FDF-4DDF-A431-77F7F36FBD66}.Release|Any CPU.ActiveCfg = Release|Any CPU
		{C4DFBB49-8FDF-4DDF-A431-77F7F36FBD66}.Release|Any CPU.Build.0 = Release|Any CPU
		{C4DFBB49-8FDF-4DDF-A431-77F7F36FBD66}.Release|x64.ActiveCfg = Release|Any CPU
		{C4DFBB49-8FDF-4DDF-A431-77F7F36FBD66}.Release|x64.Build.0 = Release|Any CPU
		{C4DFBB49-8FDF-4DDF-A431-77F7F36FBD66}.Release|x86.ActiveCfg = Release|Any CPU
		{C4DFBB49-8FDF-4DDF-A431-77F7F36FBD66}.Release|x86.Build.0 = Release|Any CPU
		{D638815E-6A2E-4C9D-8886-19BC1EB803AB}.Debug|Any CPU.ActiveCfg = Debug|Any CPU
		{D638815E-6A2E-4C9D-8886-19BC1EB803AB}.Debug|Any CPU.Build.0 = Debug|Any CPU
		{D638815E-6A2E-4C9D-8886-19BC1EB803AB}.Debug|x64.ActiveCfg = Debug|Any CPU
		{D638815E-6A2E-4C9D-8886-19BC1EB803AB}.Debug|x64.Build.0 = Debug|Any CPU
		{D638815E-6A2E-4C9D-8886-19BC1EB803AB}.Debug|x86.ActiveCfg = Debug|Any CPU
		{D638815E-6A2E-4C9D-8886-19BC1EB803AB}.Debug|x86.Build.0 = Debug|Any CPU
		{D638815E-6A2E-4C9D-8886-19BC1EB803AB}.Release|Any CPU.ActiveCfg = Release|Any CPU
		{D638815E-6A2E-4C9D-8886-19BC1EB803AB}.Release|Any CPU.Build.0 = Release|Any CPU
		{D638815E-6A2E-4C9D-8886-19BC1EB803AB}.Release|x64.ActiveCfg = Release|Any CPU
		{D638815E-6A2E-4C9D-8886-19BC1EB803AB}.Release|x64.Build.0 = Release|Any CPU
		{D638815E-6A2E-4C9D-8886-19BC1EB803AB}.Release|x86.ActiveCfg = Release|Any CPU
		{D638815E-6A2E-4C9D-8886-19BC1EB803AB}.Release|x86.Build.0 = Release|Any CPU
		{53AF18FC-3A20-4FCB-AFA2-7043DE0F6989}.Debug|Any CPU.ActiveCfg = Debug|Any CPU
		{53AF18FC-3A20-4FCB-AFA2-7043DE0F6989}.Debug|Any CPU.Build.0 = Debug|Any CPU
		{53AF18FC-3A20-4FCB-AFA2-7043DE0F6989}.Debug|x64.ActiveCfg = Debug|Any CPU
		{53AF18FC-3A20-4FCB-AFA2-7043DE0F6989}.Debug|x64.Build.0 = Debug|Any CPU
		{53AF18FC-3A20-4FCB-AFA2-7043DE0F6989}.Debug|x86.ActiveCfg = Debug|Any CPU
		{53AF18FC-3A20-4FCB-AFA2-7043DE0F6989}.Debug|x86.Build.0 = Debug|Any CPU
		{53AF18FC-3A20-4FCB-AFA2-7043DE0F6989}.Release|Any CPU.ActiveCfg = Release|Any CPU
		{53AF18FC-3A20-4FCB-AFA2-7043DE0F6989}.Release|Any CPU.Build.0 = Release|Any CPU
		{53AF18FC-3A20-4FCB-AFA2-7043DE0F6989}.Release|x64.ActiveCfg = Release|Any CPU
		{53AF18FC-3A20-4FCB-AFA2-7043DE0F6989}.Release|x64.Build.0 = Release|Any CPU
		{53AF18FC-3A20-4FCB-AFA2-7043DE0F6989}.Release|x86.ActiveCfg = Release|Any CPU
		{53AF18FC-3A20-4FCB-AFA2-7043DE0F6989}.Release|x86.Build.0 = Release|Any CPU
		{6876C5F6-744F-4073-8FB7-5D88EC507091}.Debug|Any CPU.ActiveCfg = Debug|Any CPU
		{6876C5F6-744F-4073-8FB7-5D88EC507091}.Debug|Any CPU.Build.0 = Debug|Any CPU
		{6876C5F6-744F-4073-8FB7-5D88EC507091}.Debug|x64.ActiveCfg = Debug|Any CPU
		{6876C5F6-744F-4073-8FB7-5D88EC507091}.Debug|x64.Build.0 = Debug|Any CPU
		{6876C5F6-744F-4073-8FB7-5D88EC507091}.Debug|x86.ActiveCfg = Debug|Any CPU
		{6876C5F6-744F-4073-8FB7-5D88EC507091}.Debug|x86.Build.0 = Debug|Any CPU
		{6876C5F6-744F-4073-8FB7-5D88EC507091}.Release|Any CPU.ActiveCfg = Release|Any CPU
		{6876C5F6-744F-4073-8FB7-5D88EC507091}.Release|Any CPU.Build.0 = Release|Any CPU
		{6876C5F6-744F-4073-8FB7-5D88EC507091}.Release|x64.ActiveCfg = Release|Any CPU
		{6876C5F6-744F-4073-8FB7-5D88EC507091}.Release|x64.Build.0 = Release|Any CPU
		{6876C5F6-744F-4073-8FB7-5D88EC507091}.Release|x86.ActiveCfg = Release|Any CPU
		{6876C5F6-744F-4073-8FB7-5D88EC507091}.Release|x86.Build.0 = Release|Any CPU
		{87AE572A-2997-4FD8-8CFF-DDD607A102BF}.Debug|Any CPU.ActiveCfg = Debug|Any CPU
		{87AE572A-2997-4FD8-8CFF-DDD607A102BF}.Debug|Any CPU.Build.0 = Debug|Any CPU
		{87AE572A-2997-4FD8-8CFF-DDD607A102BF}.Debug|x64.ActiveCfg = Debug|Any CPU
		{87AE572A-2997-4FD8-8CFF-DDD607A102BF}.Debug|x64.Build.0 = Debug|Any CPU
		{87AE572A-2997-4FD8-8CFF-DDD607A102BF}.Debug|x86.ActiveCfg = Debug|Any CPU
		{87AE572A-2997-4FD8-8CFF-DDD607A102BF}.Debug|x86.Build.0 = Debug|Any CPU
		{87AE572A-2997-4FD8-8CFF-DDD607A102BF}.Release|Any CPU.ActiveCfg = Release|Any CPU
		{87AE572A-2997-4FD8-8CFF-DDD607A102BF}.Release|Any CPU.Build.0 = Release|Any CPU
		{87AE572A-2997-4FD8-8CFF-DDD607A102BF}.Release|x64.ActiveCfg = Release|Any CPU
		{87AE572A-2997-4FD8-8CFF-DDD607A102BF}.Release|x64.Build.0 = Release|Any CPU
		{87AE572A-2997-4FD8-8CFF-DDD607A102BF}.Release|x86.ActiveCfg = Release|Any CPU
		{87AE572A-2997-4FD8-8CFF-DDD607A102BF}.Release|x86.Build.0 = Release|Any CPU
		{F12197D5-6600-485B-A1C7-2EB895AA12D2}.Debug|Any CPU.ActiveCfg = Debug|Any CPU
		{F12197D5-6600-485B-A1C7-2EB895AA12D2}.Debug|Any CPU.Build.0 = Debug|Any CPU
		{F12197D5-6600-485B-A1C7-2EB895AA12D2}.Debug|x64.ActiveCfg = Debug|Any CPU
		{F12197D5-6600-485B-A1C7-2EB895AA12D2}.Debug|x64.Build.0 = Debug|Any CPU
		{F12197D5-6600-485B-A1C7-2EB895AA12D2}.Debug|x86.ActiveCfg = Debug|Any CPU
		{F12197D5-6600-485B-A1C7-2EB895AA12D2}.Debug|x86.Build.0 = Debug|Any CPU
		{F12197D5-6600-485B-A1C7-2EB895AA12D2}.Release|Any CPU.ActiveCfg = Release|Any CPU
		{F12197D5-6600-485B-A1C7-2EB895AA12D2}.Release|Any CPU.Build.0 = Release|Any CPU
		{F12197D5-6600-485B-A1C7-2EB895AA12D2}.Release|x64.ActiveCfg = Release|Any CPU
		{F12197D5-6600-485B-A1C7-2EB895AA12D2}.Release|x64.Build.0 = Release|Any CPU
		{F12197D5-6600-485B-A1C7-2EB895AA12D2}.Release|x86.ActiveCfg = Release|Any CPU
		{F12197D5-6600-485B-A1C7-2EB895AA12D2}.Release|x86.Build.0 = Release|Any CPU
	EndGlobalSection
	GlobalSection(SolutionProperties) = preSolution
		HideSolutionNode = FALSE
	EndGlobalSection
	GlobalSection(NestedProjects) = preSolution
		{FCA01246-F2C6-0AA7-D43F-FD13BE0B9D88} = {827E0CD3-B72D-47B6-A68D-7590B98EB39B}
		{5D73F4F3-B313-4E0B-AF84-8DD8FA89D536} = {FCA01246-F2C6-0AA7-D43F-FD13BE0B9D88}
		{90298CBA-BD6F-3A0A-69D5-97CAD7B05E7E} = {827E0CD3-B72D-47B6-A68D-7590B98EB39B}
		{BCB6317F-8EA0-4080-ADED-3D8F08713DA5} = {90298CBA-BD6F-3A0A-69D5-97CAD7B05E7E}
		{689FDC17-C0AA-46F7-AAFA-328E5971B83D} = {90298CBA-BD6F-3A0A-69D5-97CAD7B05E7E}
		{984BB9B3-3FA3-BE33-9484-CAC21695A33C} = {827E0CD3-B72D-47B6-A68D-7590B98EB39B}
		{2F82A921-F5AC-497D-C46A-64A82B34AE26} = {984BB9B3-3FA3-BE33-9484-CAC21695A33C}
		{6E2B81BE-1282-41FB-A339-1F87696399B9} = {2F82A921-F5AC-497D-C46A-64A82B34AE26}
		{5952901E-6F44-4E31-AB9B-F1E2054E2664} = {2F82A921-F5AC-497D-C46A-64A82B34AE26}
		{069528AE-62FA-4CF5-A86E-ACBD6989FA9E} = {2F82A921-F5AC-497D-C46A-64A82B34AE26}
		{47931FAB-DBE1-FD8F-0AFF-2CD4B99C52C4} = {984BB9B3-3FA3-BE33-9484-CAC21695A33C}
		{1202D962-A88A-4F60-B114-CB5AA9628DF4} = {47931FAB-DBE1-FD8F-0AFF-2CD4B99C52C4}
		{003C9E4E-F921-48C7-8D01-7AFF0B19AA00} = {47931FAB-DBE1-FD8F-0AFF-2CD4B99C52C4}
		{AAA83DB6-FF6F-4857-9C0F-F74F02CE1896} = {47931FAB-DBE1-FD8F-0AFF-2CD4B99C52C4}
		{F5625D22-DF6D-6E20-0384-6B2F7CAD8697} = {984BB9B3-3FA3-BE33-9484-CAC21695A33C}
		{4E5D511C-7312-4AB8-9095-B28AB2827400} = {F5625D22-DF6D-6E20-0384-6B2F7CAD8697}
		{52510840-FD71-47B9-956D-FFBBD2959913} = {F5625D22-DF6D-6E20-0384-6B2F7CAD8697}
		{37C9A475-8777-444A-85A1-7BBB134B841D} = {F5625D22-DF6D-6E20-0384-6B2F7CAD8697}
		{C956A69C-8222-8E0F-7E05-45145B4D88F9} = {984BB9B3-3FA3-BE33-9484-CAC21695A33C}
		{E0B6DCC2-27A4-45D7-970D-F75C94CE3999} = {C956A69C-8222-8E0F-7E05-45145B4D88F9}
		{C4DFBB49-8FDF-4DDF-A431-77F7F36FBD66} = {C956A69C-8222-8E0F-7E05-45145B4D88F9}
		{D638815E-6A2E-4C9D-8886-19BC1EB803AB} = {C956A69C-8222-8E0F-7E05-45145B4D88F9}
		{53AF18FC-3A20-4FCB-AFA2-7043DE0F6989} = {C956A69C-8222-8E0F-7E05-45145B4D88F9}
		{6876C5F6-744F-4073-8FB7-5D88EC507091} = {F5625D22-DF6D-6E20-0384-6B2F7CAD8697}
		{87AE572A-2997-4FD8-8CFF-DDD607A102BF} = {2F82A921-F5AC-497D-C46A-64A82B34AE26}
		{F12197D5-6600-485B-A1C7-2EB895AA12D2} = {47931FAB-DBE1-FD8F-0AFF-2CD4B99C52C4}
	EndGlobalSection
EndGlobal
